
Microsoft Visual Studio Solution File, Format Version 12.00
# Visual Studio Version 17
VisualStudioVersion = 17.2.32516.85
MinimumVisualStudioVersion = 10.0.40219.1
Project("{FAE04EC0-301F-11D3-BF4B-00C04F79EFBC}") = "MvcCoreUtilidades", "MvcCoreUtilidades\MvcCoreUtilidades.csproj", "{EE60765F-135D-4FF7-AADD-B04C89C35FD0}"
EndProject
Global
	GlobalSection(SolutionConfigurationPlatforms) = preSolution
		Debug|Any CPU = Debug|Any CPU
		Release|Any CPU = Release|Any CPU
	EndGlobalSection
	GlobalSection(ProjectConfigurationPlatforms) = postSolution
		{EE60765F-135D-4FF7-AADD-B04C89C35FD0}.Debug|Any CPU.ActiveCfg = Debug|Any CPU
		{EE60765F-135D-4FF7-AADD-B04C89C35FD0}.Debug|Any CPU.Build.0 = Debug|Any CPU
		{EE60765F-135D-4FF7-AADD-B04C89C35FD0}.Release|Any CPU.ActiveCfg = Release|Any CPU
		{EE60765F-135D-4FF7-AADD-B04C89C35FD0}.Release|Any CPU.Build.0 = Release|Any CPU
	EndGlobalSection
	GlobalSection(SolutionProperties) = preSolution
		HideSolutionNode = FALSE
	EndGlobalSection
	GlobalSection(ExtensibilityGlobals) = postSolution
		SolutionGuid = {F46D860A-DA61-41CE-B5EB-9EDC22675D3A}
	EndGlobalSection
EndGlobal
